
Microsoft Visual Studio Solution File, Format Version 12.00
# Visual Studio Version 16
VisualStudioVersion = 16.0.30907.101
MinimumVisualStudioVersion = 10.0.40219.1
Project("{FAE04EC0-301F-11D3-BF4B-00C04F79EFBC}") = "01. Sign of Integer Numbers", "01. Sign of Integer Numbers\01. Sign of Integer Numbers.csproj", "{CB99E691-C9E5-449F-ABCF-3D816194FAF9}"
EndProject
Project("{FAE04EC0-301F-11D3-BF4B-00C04F79EFBC}") = "02. Grades", "02. Grades\02. Grades.csproj", "{3B10ED92-AD51-40A1-98C1-4F6780F2D50B}"
EndProject
Project("{FAE04EC0-301F-11D3-BF4B-00C04F79EFBC}") = "03. Calculations", "03. Calculations\03. Calculations.csproj", "{BB429FD0-5FB5-41D9-A360-D4A0FC434FF4}"
EndProject
Project("{FAE04EC0-301F-11D3-BF4B-00C04F79EFBC}") = "04. Printing Triangle", "04. Printing Triangle\04. Printing Triangle.csproj", "{6B8CDA9B-1C88-436B-95E7-DE8C98FE2CAF}"
EndProject
Project("{FAE04EC0-301F-11D3-BF4B-00C04F79EFBC}") = "05. Orders", "05. Orders\05. Orders.csproj", "{2EC7FB90-2B41-4B8B-AB84-9524D9CA2500}"
EndProject
Project("{FAE04EC0-301F-11D3-BF4B-00C04F79EFBC}") = "06. Calculate Rectangle Area", "06. Calculate Rectangle Area\06. Calculate Rectangle Area.csproj", "{DEC6A76E-9054-4B2F-99FA-C8BD1D42E9CF}"
EndProject
Project("{FAE04EC0-301F-11D3-BF4B-00C04F79EFBC}") = "07. Repeat String", "07. Repeat String\07. Repeat String.csproj", "{CFD9C5BC-2608-407A-9744-10885489FA07}"
EndProject
Project("{FAE04EC0-301F-11D3-BF4B-00C04F79EFBC}") = "08. Math Power", "08. Math Power\08. Math Power.csproj", "{326B9810-EFB5-40FA-A8A2-17CAAC675FD1}"
EndProject
Project("{FAE04EC0-301F-11D3-BF4B-00C04F79EFBC}") = "09. Greater of Two Values", "09. Greater of Two Values\09. Greater of Two Values.csproj", "{1FCFB3BB-32A6-4ADC-BFEB-6DE656E81776}"
EndProject
Project("{FAE04EC0-301F-11D3-BF4B-00C04F79EFBC}") = "10. Multiply Evens by Odds", "10. Multiply Evens by Odds\10. Multiply Evens by Odds.csproj", "{87B72B51-2344-427E-B8B7-EEFF97FBB151}"
EndProject
Project("{FAE04EC0-301F-11D3-BF4B-00C04F79EFBC}") = "11. Math operations", "11. Math operations\11. Math operations.csproj", "{76B7B418-ADBC-4A58-A655-CEC0A37FC9C0}"
EndProject
Global
	GlobalSection(SolutionConfigurationPlatforms) = preSolution
		Debug|Any CPU = Debug|Any CPU
		Release|Any CPU = Release|Any CPU
	EndGlobalSection
	GlobalSection(ProjectConfigurationPlatforms) = postSolution
		{CB99E691-C9E5-449F-ABCF-3D816194FAF9}.Debug|Any CPU.ActiveCfg = Debug|Any CPU
		{CB99E691-C9E5-449F-ABCF-3D816194FAF9}.Debug|Any CPU.Build.0 = Debug|Any CPU
		{CB99E691-C9E5-449F-ABCF-3D816194FAF9}.Release|Any CPU.ActiveCfg = Release|Any CPU
		{CB99E691-C9E5-449F-ABCF-3D816194FAF9}.Release|Any CPU.Build.0 = Release|Any CPU
		{3B10ED92-AD51-40A1-98C1-4F6780F2D50B}.Debug|Any CPU.ActiveCfg = Debug|Any CPU
		{3B10ED92-AD51-40A1-98C1-4F6780F2D50B}.Debug|Any CPU.Build.0 = Debug|Any CPU
		{3B10ED92-AD51-40A1-98C1-4F6780F2D50B}.Release|Any CPU.ActiveCfg = Release|Any CPU
		{3B10ED92-AD51-40A1-98C1-4F6780F2D50B}.Release|Any CPU.Build.0 = Release|Any CPU
		{BB429FD0-5FB5-41D9-A360-D4A0FC434FF4}.Debug|Any CPU.ActiveCfg = Debug|Any CPU
		{BB429FD0-5FB5-41D9-A360-D4A0FC434FF4}.Debug|Any CPU.Build.0 = Debug|Any CPU
		{BB429FD0-5FB5-41D9-A360-D4A0FC434FF4}.Release|Any CPU.ActiveCfg = Release|Any CPU
		{BB429FD0-5FB5-41D9-A360-D4A0FC434FF4}.Release|Any CPU.Build.0 = Release|Any CPU
		{6B8CDA9B-1C88-436B-95E7-DE8C98FE2CAF}.Debug|Any CPU.ActiveCfg = Debug|Any CPU
		{6B8CDA9B-1C88-436B-95E7-DE8C98FE2CAF}.Debug|Any CPU.Build.0 = Debug|Any CPU
		{6B8CDA9B-1C88-436B-95E7-DE8C98FE2CAF}.Release|Any CPU.ActiveCfg = Release|Any CPU
		{6B8CDA9B-1C88-436B-95E7-DE8C98FE2CAF}.Release|Any CPU.Build.0 = Release|Any CPU
		{2EC7FB90-2B41-4B8B-AB84-9524D9CA2500}.Debug|Any CPU.ActiveCfg = Debug|Any CPU
		{2EC7FB90-2B41-4B8B-AB84-9524D9CA2500}.Debug|Any CPU.Build.0 = Debug|Any CPU
		{2EC7FB90-2B41-4B8B-AB84-9524D9CA2500}.Release|Any CPU.ActiveCfg = Release|Any CPU
		{2EC7FB90-2B41-4B8B-AB84-9524D9CA2500}.Release|Any CPU.Build.0 = Release|Any CPU
		{DEC6A76E-9054-4B2F-99FA-C8BD1D42E9CF}.Debug|Any CPU.ActiveCfg = Debug|Any CPU
		{DEC6A76E-9054-4B2F-99FA-C8BD1D42E9CF}.Debug|Any CPU.Build.0 = Debug|Any CPU
		{DEC6A76E-9054-4B2F-99FA-C8BD1D42E9CF}.Release|Any CPU.ActiveCfg = Release|Any CPU
		{DEC6A76E-9054-4B2F-99FA-C8BD1D42E9CF}.Release|Any CPU.Build.0 = Release|Any CPU
		{CFD9C5BC-2608-407A-9744-10885489FA07}.Debug|Any CPU.ActiveCfg = Debug|Any CPU
		{CFD9C5BC-2608-407A-9744-10885489FA07}.Debug|Any CPU.Build.0 = Debug|Any CPU
		{CFD9C5BC-2608-407A-9744-10885489FA07}.Release|Any CPU.ActiveCfg = Release|Any CPU
		{CFD9C5BC-2608-407A-9744-10885489FA07}.Release|Any CPU.Build.0 = Release|Any CPU
		{326B9810-EFB5-40FA-A8A2-17CAAC675FD1}.Debug|Any CPU.ActiveCfg = Debug|Any CPU
		{326B9810-EFB5-40FA-A8A2-17CAAC675FD1}.Debug|Any CPU.Build.0 = Debug|Any CPU
		{326B9810-EFB5-40FA-A8A2-17CAAC675FD1}.Release|Any CPU.ActiveCfg = Release|Any CPU
		{326B9810-EFB5-40FA-A8A2-17CAAC675FD1}.Release|Any CPU.Build.0 = Release|Any CPU
		{1FCFB3BB-32A6-4ADC-BFEB-6DE656E81776}.Debug|Any CPU.ActiveCfg = Debug|Any CPU
		{1FCFB3BB-32A6-4ADC-BFEB-6DE656E81776}.Debug|Any CPU.Build.0 = Debug|Any CPU
		{1FCFB3BB-32A6-4ADC-BFEB-6DE656E81776}.Release|Any CPU.ActiveCfg = Release|Any CPU
		{1FCFB3BB-32A6-4ADC-BFEB-6DE656E81776}.Release|Any CPU.Build.0 = Release|Any CPU
		{87B72B51-2344-427E-B8B7-EEFF97FBB151}.Debug|Any CPU.ActiveCfg = Debug|Any CPU
		{87B72B51-2344-427E-B8B7-EEFF97FBB151}.Debug|Any CPU.Build.0 = Debug|Any CPU
		{87B72B51-2344-427E-B8B7-EEFF97FBB151}.Release|Any CPU.ActiveCfg = Release|Any CPU
		{87B72B51-2344-427E-B8B7-EEFF97FBB151}.Release|Any CPU.Build.0 = Release|Any CPU
		{76B7B418-ADBC-4A58-A655-CEC0A37FC9C0}.Debug|Any CPU.ActiveCfg = Debug|Any CPU
		{76B7B418-ADBC-4A58-A655-CEC0A37FC9C0}.Debug|Any CPU.Build.0 = Debug|Any CPU
		{76B7B418-ADBC-4A58-A655-CEC0A37FC9C0}.Release|Any CPU.ActiveCfg = Release|Any CPU
		{76B7B418-ADBC-4A58-A655-CEC0A37FC9C0}.Release|Any CPU.Build.0 = Release|Any CPU
	EndGlobalSection
	GlobalSection(SolutionProperties) = preSolution
		HideSolutionNode = FALSE
	EndGlobalSection
	GlobalSection(ExtensibilityGlobals) = postSolution
		SolutionGuid = {E4117170-E27E-40BD-98A6-0C95AA93EB2B}
	EndGlobalSection
EndGlobal
