
Microsoft Visual Studio Solution File, Format Version 12.00
# Visual Studio Version 16
VisualStudioVersion = 16.0.29920.165
MinimumVisualStudioVersion = 10.0.40219.1
Project("{9A19103F-16F7-4668-BE54-9A1E7A4F7556}") = "05.Month", "05.Month\05.Month.csproj", "{A60B2AC4-F63D-4074-AB15-E230871A3FF2}"
EndProject
Project("{9A19103F-16F7-4668-BE54-9A1E7A4F7556}") = "07.Theater", "07.Theater\07.Theater.csproj", "{AE739C0E-4304-459A-A763-64BD6F700BA1}"
EndProject
Project("{9A19103F-16F7-4668-BE54-9A1E7A4F7556}") = "08.Divisible by 3", "08.Divisible by 3\08.Divisible by 3.csproj", "{CBD83ACA-5E65-4130-B950-9291ED6ABFE5}"
EndProject
Project("{9A19103F-16F7-4668-BE54-9A1E7A4F7556}") = "09. Sum of Odd Numbers", "09. Sum of Odd Numbers\09. Sum of Odd Numbers.csproj", "{F71ACA75-E1F3-4B4A-85ED-6EBDDD741E2A}"
EndProject
Project("{9A19103F-16F7-4668-BE54-9A1E7A4F7556}") = "10. Multiplication Table", "10. Multiplication Table\10. Multiplication Table.csproj", "{3FFD16AC-1C76-4590-BEF1-A307C85C5EC0}"
EndProject
Project("{9A19103F-16F7-4668-BE54-9A1E7A4F7556}") = "11. Multiplication Table 2.0", "11. Multiplication Table 2.0\11. Multiplication Table 2.0.csproj", "{8CDAF510-F96C-4B00-9B1B-0F405E5F4FD0}"
EndProject
Project("{9A19103F-16F7-4668-BE54-9A1E7A4F7556}") = "12. Even Number", "12. Even Number\12. Even Number.csproj", "{D4D0F73B-D89F-4FB6-BED1-B72C8B897F93}"
EndProject
Project("{9A19103F-16F7-4668-BE54-9A1E7A4F7556}") = "13. Holidays Between Two Dates", "13. Holidays Between Two Dates\13. Holidays Between Two Dates.csproj", "{EB98FBFD-7358-4415-A0B0-BA15E5317467}"
EndProject
Project("{9A19103F-16F7-4668-BE54-9A1E7A4F7556}") = "01. Student Information", "01. Student Information\01. Student Information.csproj", "{5626ED89-3CE0-4017-AAF3-96CC8AD89098}"
EndProject
Project("{9A19103F-16F7-4668-BE54-9A1E7A4F7556}") = "02. Passed", "02. Passed\02. Passed.csproj", "{34300A00-1BED-4563-A7FD-E79AA8D81C5D}"
EndProject
Project("{9A19103F-16F7-4668-BE54-9A1E7A4F7556}") = "03. Passed or Failed", "03. Passed or Failed\03. Passed or Failed.csproj", "{9F2BF7BB-96B3-46F3-82F4-1F1CB9507237}"
EndProject
Project("{9A19103F-16F7-4668-BE54-9A1E7A4F7556}") = "04. Back In 30 Minutes", "04. Back In 30 Minutes\04. Back In 30 Minutes.csproj", "{89735DA7-0664-4C32-A0D3-5CC226666018}"
EndProject
Global
	GlobalSection(SolutionConfigurationPlatforms) = preSolution
		Debug|Any CPU = Debug|Any CPU
		Release|Any CPU = Release|Any CPU
	EndGlobalSection
	GlobalSection(ProjectConfigurationPlatforms) = postSolution
		{A60B2AC4-F63D-4074-AB15-E230871A3FF2}.Debug|Any CPU.ActiveCfg = Debug|Any CPU
		{A60B2AC4-F63D-4074-AB15-E230871A3FF2}.Debug|Any CPU.Build.0 = Debug|Any CPU
		{A60B2AC4-F63D-4074-AB15-E230871A3FF2}.Release|Any CPU.ActiveCfg = Release|Any CPU
		{A60B2AC4-F63D-4074-AB15-E230871A3FF2}.Release|Any CPU.Build.0 = Release|Any CPU
		{AE739C0E-4304-459A-A763-64BD6F700BA1}.Debug|Any CPU.ActiveCfg = Debug|Any CPU
		{AE739C0E-4304-459A-A763-64BD6F700BA1}.Debug|Any CPU.Build.0 = Debug|Any CPU
		{AE739C0E-4304-459A-A763-64BD6F700BA1}.Release|Any CPU.ActiveCfg = Release|Any CPU
		{AE739C0E-4304-459A-A763-64BD6F700BA1}.Release|Any CPU.Build.0 = Release|Any CPU
		{CBD83ACA-5E65-4130-B950-9291ED6ABFE5}.Debug|Any CPU.ActiveCfg = Debug|Any CPU
		{CBD83ACA-5E65-4130-B950-9291ED6ABFE5}.Debug|Any CPU.Build.0 = Debug|Any CPU
		{CBD83ACA-5E65-4130-B950-9291ED6ABFE5}.Release|Any CPU.ActiveCfg = Release|Any CPU
		{CBD83ACA-5E65-4130-B950-9291ED6ABFE5}.Release|Any CPU.Build.0 = Release|Any CPU
		{F71ACA75-E1F3-4B4A-85ED-6EBDDD741E2A}.Debug|Any CPU.ActiveCfg = Debug|Any CPU
		{F71ACA75-E1F3-4B4A-85ED-6EBDDD741E2A}.Debug|Any CPU.Build.0 = Debug|Any CPU
		{F71ACA75-E1F3-4B4A-85ED-6EBDDD741E2A}.Release|Any CPU.ActiveCfg = Release|Any CPU
		{F71ACA75-E1F3-4B4A-85ED-6EBDDD741E2A}.Release|Any CPU.Build.0 = Release|Any CPU
		{3FFD16AC-1C76-4590-BEF1-A307C85C5EC0}.Debug|Any CPU.ActiveCfg = Debug|Any CPU
		{3FFD16AC-1C76-4590-BEF1-A307C85C5EC0}.Debug|Any CPU.Build.0 = Debug|Any CPU
		{3FFD16AC-1C76-4590-BEF1-A307C85C5EC0}.Release|Any CPU.ActiveCfg = Release|Any CPU
		{3FFD16AC-1C76-4590-BEF1-A307C85C5EC0}.Release|Any CPU.Build.0 = Release|Any CPU
		{8CDAF510-F96C-4B00-9B1B-0F405E5F4FD0}.Debug|Any CPU.ActiveCfg = Debug|Any CPU
		{8CDAF510-F96C-4B00-9B1B-0F405E5F4FD0}.Debug|Any CPU.Build.0 = Debug|Any CPU
		{8CDAF510-F96C-4B00-9B1B-0F405E5F4FD0}.Release|Any CPU.ActiveCfg = Release|Any CPU
		{8CDAF510-F96C-4B00-9B1B-0F405E5F4FD0}.Release|Any CPU.Build.0 = Release|Any CPU
		{D4D0F73B-D89F-4FB6-BED1-B72C8B897F93}.Debug|Any CPU.ActiveCfg = Debug|Any CPU
		{D4D0F73B-D89F-4FB6-BED1-B72C8B897F93}.Debug|Any CPU.Build.0 = Debug|Any CPU
		{D4D0F73B-D89F-4FB6-BED1-B72C8B897F93}.Release|Any CPU.ActiveCfg = Release|Any CPU
		{D4D0F73B-D89F-4FB6-BED1-B72C8B897F93}.Release|Any CPU.Build.0 = Release|Any CPU
		{EB98FBFD-7358-4415-A0B0-BA15E5317467}.Debug|Any CPU.ActiveCfg = Debug|Any CPU
		{EB98FBFD-7358-4415-A0B0-BA15E5317467}.Debug|Any CPU.Build.0 = Debug|Any CPU
		{EB98FBFD-7358-4415-A0B0-BA15E5317467}.Release|Any CPU.ActiveCfg = Release|Any CPU
		{EB98FBFD-7358-4415-A0B0-BA15E5317467}.Release|Any CPU.Build.0 = Release|Any CPU
		{5626ED89-3CE0-4017-AAF3-96CC8AD89098}.Debug|Any CPU.ActiveCfg = Debug|Any CPU
		{5626ED89-3CE0-4017-AAF3-96CC8AD89098}.Debug|Any CPU.Build.0 = Debug|Any CPU
		{5626ED89-3CE0-4017-AAF3-96CC8AD89098}.Release|Any CPU.ActiveCfg = Release|Any CPU
		{5626ED89-3CE0-4017-AAF3-96CC8AD89098}.Release|Any CPU.Build.0 = Release|Any CPU
		{34300A00-1BED-4563-A7FD-E79AA8D81C5D}.Debug|Any CPU.ActiveCfg = Debug|Any CPU
		{34300A00-1BED-4563-A7FD-E79AA8D81C5D}.Debug|Any CPU.Build.0 = Debug|Any CPU
		{34300A00-1BED-4563-A7FD-E79AA8D81C5D}.Release|Any CPU.ActiveCfg = Release|Any CPU
		{34300A00-1BED-4563-A7FD-E79AA8D81C5D}.Release|Any CPU.Build.0 = Release|Any CPU
		{9F2BF7BB-96B3-46F3-82F4-1F1CB9507237}.Debug|Any CPU.ActiveCfg = Debug|Any CPU
		{9F2BF7BB-96B3-46F3-82F4-1F1CB9507237}.Debug|Any CPU.Build.0 = Debug|Any CPU
		{9F2BF7BB-96B3-46F3-82F4-1F1CB9507237}.Release|Any CPU.ActiveCfg = Release|Any CPU
		{9F2BF7BB-96B3-46F3-82F4-1F1CB9507237}.Release|Any CPU.Build.0 = Release|Any CPU
		{89735DA7-0664-4C32-A0D3-5CC226666018}.Debug|Any CPU.ActiveCfg = Debug|Any CPU
		{89735DA7-0664-4C32-A0D3-5CC226666018}.Debug|Any CPU.Build.0 = Debug|Any CPU
		{89735DA7-0664-4C32-A0D3-5CC226666018}.Release|Any CPU.ActiveCfg = Release|Any CPU
		{89735DA7-0664-4C32-A0D3-5CC226666018}.Release|Any CPU.Build.0 = Release|Any CPU
	EndGlobalSection
	GlobalSection(SolutionProperties) = preSolution
		HideSolutionNode = FALSE
	EndGlobalSection
	GlobalSection(ExtensibilityGlobals) = postSolution
		SolutionGuid = {89806F29-AE68-4E7A-98F6-B818692BB01E}
	EndGlobalSection
EndGlobal
