
Microsoft Visual Studio Solution File, Format Version 12.00
# Visual Studio Version 16
VisualStudioVersion = 16.0.29920.165
MinimumVisualStudioVersion = 10.0.40219.1
Project("{9A19103F-16F7-4668-BE54-9A1E7A4F7556}") = "01.PasswordReset", "01.PasswordReset\01.PasswordReset.csproj", "{F7F67102-9365-46E7-826F-7CC9EF0E3419}"
EndProject
Project("{FAE04EC0-301F-11D3-BF4B-00C04F79EFBC}") = "02. Fancy Barcodes_Problem Description", "02. Fancy Barcodes_Problem Description\02. Fancy Barcodes_Problem Description.csproj", "{EC97C6D8-BD08-4C36-866A-8D63A504A01D}"
EndProject
Project("{FAE04EC0-301F-11D3-BF4B-00C04F79EFBC}") = "03. Heroes of Code and Logic VII", "03. Heroes of Code and Logic VII\03. Heroes of Code and Logic VII.csproj", "{583E22CB-EEA9-4E35-BDD5-FA6BA2B4A47B}"
EndProject
Global
	GlobalSection(SolutionConfigurationPlatforms) = preSolution
		Debug|Any CPU = Debug|Any CPU
		Release|Any CPU = Release|Any CPU
	EndGlobalSection
	GlobalSection(ProjectConfigurationPlatforms) = postSolution
		{F7F67102-9365-46E7-826F-7CC9EF0E3419}.Debug|Any CPU.ActiveCfg = Debug|Any CPU
		{F7F67102-9365-46E7-826F-7CC9EF0E3419}.Debug|Any CPU.Build.0 = Debug|Any CPU
		{F7F67102-9365-46E7-826F-7CC9EF0E3419}.Release|Any CPU.ActiveCfg = Release|Any CPU
		{F7F67102-9365-46E7-826F-7CC9EF0E3419}.Release|Any CPU.Build.0 = Release|Any CPU
		{EC97C6D8-BD08-4C36-866A-8D63A504A01D}.Debug|Any CPU.ActiveCfg = Debug|Any CPU
		{EC97C6D8-BD08-4C36-866A-8D63A504A01D}.Debug|Any CPU.Build.0 = Debug|Any CPU
		{EC97C6D8-BD08-4C36-866A-8D63A504A01D}.Release|Any CPU.ActiveCfg = Release|Any CPU
		{EC97C6D8-BD08-4C36-866A-8D63A504A01D}.Release|Any CPU.Build.0 = Release|Any CPU
		{583E22CB-EEA9-4E35-BDD5-FA6BA2B4A47B}.Debug|Any CPU.ActiveCfg = Debug|Any CPU
		{583E22CB-EEA9-4E35-BDD5-FA6BA2B4A47B}.Debug|Any CPU.Build.0 = Debug|Any CPU
		{583E22CB-EEA9-4E35-BDD5-FA6BA2B4A47B}.Release|Any CPU.ActiveCfg = Release|Any CPU
		{583E22CB-EEA9-4E35-BDD5-FA6BA2B4A47B}.Release|Any CPU.Build.0 = Release|Any CPU
	EndGlobalSection
	GlobalSection(SolutionProperties) = preSolution
		HideSolutionNode = FALSE
	EndGlobalSection
	GlobalSection(ExtensibilityGlobals) = postSolution
		SolutionGuid = {B5E19D8B-24C6-47AB-ADCF-6980BFB4D9C1}
	EndGlobalSection
EndGlobal
