
Microsoft Visual Studio Solution File, Format Version 12.00
# Visual Studio Version 16
VisualStudioVersion = 16.0.29920.165
MinimumVisualStudioVersion = 10.0.40219.1
Project("{FAE04EC0-301F-11D3-BF4B-00C04F79EFBC}") = "01.Experience Gaining", "01.Experience Gaining\01.Experience Gaining.csproj", "{148C9F8A-31FC-46F0-98F8-877117DC54A2}"
EndProject
Project("{FAE04EC0-301F-11D3-BF4B-00C04F79EFBC}") = "02. Friendlist Maintenance", "02. Friendlist Maintenance\02. Friendlist Maintenance.csproj", "{1260A2E2-042A-456A-8ABC-24B8E2D1C12E}"
EndProject
Project("{FAE04EC0-301F-11D3-BF4B-00C04F79EFBC}") = "03. Tanks Collector", "03. Tanks Collector\03. Tanks Collector.csproj", "{065E3E52-F516-4D1E-B9F5-9EA815B8BDBB}"
EndProject
Global
	GlobalSection(SolutionConfigurationPlatforms) = preSolution
		Debug|Any CPU = Debug|Any CPU
		Release|Any CPU = Release|Any CPU
	EndGlobalSection
	GlobalSection(ProjectConfigurationPlatforms) = postSolution
		{148C9F8A-31FC-46F0-98F8-877117DC54A2}.Debug|Any CPU.ActiveCfg = Debug|Any CPU
		{148C9F8A-31FC-46F0-98F8-877117DC54A2}.Debug|Any CPU.Build.0 = Debug|Any CPU
		{148C9F8A-31FC-46F0-98F8-877117DC54A2}.Release|Any CPU.ActiveCfg = Release|Any CPU
		{148C9F8A-31FC-46F0-98F8-877117DC54A2}.Release|Any CPU.Build.0 = Release|Any CPU
		{1260A2E2-042A-456A-8ABC-24B8E2D1C12E}.Debug|Any CPU.ActiveCfg = Debug|Any CPU
		{1260A2E2-042A-456A-8ABC-24B8E2D1C12E}.Debug|Any CPU.Build.0 = Debug|Any CPU
		{1260A2E2-042A-456A-8ABC-24B8E2D1C12E}.Release|Any CPU.ActiveCfg = Release|Any CPU
		{1260A2E2-042A-456A-8ABC-24B8E2D1C12E}.Release|Any CPU.Build.0 = Release|Any CPU
		{065E3E52-F516-4D1E-B9F5-9EA815B8BDBB}.Debug|Any CPU.ActiveCfg = Debug|Any CPU
		{065E3E52-F516-4D1E-B9F5-9EA815B8BDBB}.Debug|Any CPU.Build.0 = Debug|Any CPU
		{065E3E52-F516-4D1E-B9F5-9EA815B8BDBB}.Release|Any CPU.ActiveCfg = Release|Any CPU
		{065E3E52-F516-4D1E-B9F5-9EA815B8BDBB}.Release|Any CPU.Build.0 = Release|Any CPU
	EndGlobalSection
	GlobalSection(SolutionProperties) = preSolution
		HideSolutionNode = FALSE
	EndGlobalSection
	GlobalSection(ExtensibilityGlobals) = postSolution
		SolutionGuid = {9DA55FFB-65D3-4953-AADC-130D7BA12F7A}
	EndGlobalSection
EndGlobal
