
Microsoft Visual Studio Solution File, Format Version 12.00
# Visual Studio Version 16
VisualStudioVersion = 16.0.29920.165
MinimumVisualStudioVersion = 10.0.40219.1
Project("{FAE04EC0-301F-11D3-BF4B-00C04F79EFBC}") = "01.StringManipulation4", "01.StringManipulation4\01.StringManipulation4.csproj", "{F6A7BDD8-F571-4732-8789-8F989CEA37FD}"
EndProject
Project("{FAE04EC0-301F-11D3-BF4B-00C04F79EFBC}") = "02.MessageEncrypter", "02.MessageEncrypter\02.MessageEncrypter.csproj", "{01E014FC-1616-4FD2-BF8A-0AB89C7CA203}"
EndProject
Project("{FAE04EC0-301F-11D3-BF4B-00C04F79EFBC}") = "03.BattleManager", "03.BattleManager\03.BattleManager.csproj", "{8CDE624E-0CA9-49B2-947C-34E79D33FC0E}"
EndProject
Global
	GlobalSection(SolutionConfigurationPlatforms) = preSolution
		Debug|Any CPU = Debug|Any CPU
		Release|Any CPU = Release|Any CPU
	EndGlobalSection
	GlobalSection(ProjectConfigurationPlatforms) = postSolution
		{F6A7BDD8-F571-4732-8789-8F989CEA37FD}.Debug|Any CPU.ActiveCfg = Debug|Any CPU
		{F6A7BDD8-F571-4732-8789-8F989CEA37FD}.Debug|Any CPU.Build.0 = Debug|Any CPU
		{F6A7BDD8-F571-4732-8789-8F989CEA37FD}.Release|Any CPU.ActiveCfg = Release|Any CPU
		{F6A7BDD8-F571-4732-8789-8F989CEA37FD}.Release|Any CPU.Build.0 = Release|Any CPU
		{01E014FC-1616-4FD2-BF8A-0AB89C7CA203}.Debug|Any CPU.ActiveCfg = Debug|Any CPU
		{01E014FC-1616-4FD2-BF8A-0AB89C7CA203}.Debug|Any CPU.Build.0 = Debug|Any CPU
		{01E014FC-1616-4FD2-BF8A-0AB89C7CA203}.Release|Any CPU.ActiveCfg = Release|Any CPU
		{01E014FC-1616-4FD2-BF8A-0AB89C7CA203}.Release|Any CPU.Build.0 = Release|Any CPU
		{8CDE624E-0CA9-49B2-947C-34E79D33FC0E}.Debug|Any CPU.ActiveCfg = Debug|Any CPU
		{8CDE624E-0CA9-49B2-947C-34E79D33FC0E}.Debug|Any CPU.Build.0 = Debug|Any CPU
		{8CDE624E-0CA9-49B2-947C-34E79D33FC0E}.Release|Any CPU.ActiveCfg = Release|Any CPU
		{8CDE624E-0CA9-49B2-947C-34E79D33FC0E}.Release|Any CPU.Build.0 = Release|Any CPU
	EndGlobalSection
	GlobalSection(SolutionProperties) = preSolution
		HideSolutionNode = FALSE
	EndGlobalSection
	GlobalSection(ExtensibilityGlobals) = postSolution
		SolutionGuid = {74C67DCC-5082-459D-8FB1-BD20EF1C93BE}
	EndGlobalSection
EndGlobal
