
Microsoft Visual Studio Solution File, Format Version 12.00
# Visual Studio Version 16
VisualStudioVersion = 16.0.29920.165
MinimumVisualStudioVersion = 10.0.40219.1
Project("{FAE04EC0-301F-11D3-BF4B-00C04F79EFBC}") = "01.ActivationKey", "01.ActivationKey\01.ActivationKey.csproj", "{EACF2BF9-54EC-46EE-94D0-F35408819295}"
EndProject
Project("{FAE04EC0-301F-11D3-BF4B-00C04F79EFBC}") = "02. Emoji Detector", "02. Emoji Detector\02. Emoji Detector.csproj", "{B6C12825-850B-463D-9776-6307E434C822}"
EndProject
Project("{FAE04EC0-301F-11D3-BF4B-00C04F79EFBC}") = "03. P!rates", "03. P!rates\03. P!rates.csproj", "{6B3A75A9-FDCE-4F75-93B0-68DB8A0EFA87}"
EndProject
Global
	GlobalSection(SolutionConfigurationPlatforms) = preSolution
		Debug|Any CPU = Debug|Any CPU
		Release|Any CPU = Release|Any CPU
	EndGlobalSection
	GlobalSection(ProjectConfigurationPlatforms) = postSolution
		{EACF2BF9-54EC-46EE-94D0-F35408819295}.Debug|Any CPU.ActiveCfg = Debug|Any CPU
		{EACF2BF9-54EC-46EE-94D0-F35408819295}.Debug|Any CPU.Build.0 = Debug|Any CPU
		{EACF2BF9-54EC-46EE-94D0-F35408819295}.Release|Any CPU.ActiveCfg = Release|Any CPU
		{EACF2BF9-54EC-46EE-94D0-F35408819295}.Release|Any CPU.Build.0 = Release|Any CPU
		{B6C12825-850B-463D-9776-6307E434C822}.Debug|Any CPU.ActiveCfg = Debug|Any CPU
		{B6C12825-850B-463D-9776-6307E434C822}.Debug|Any CPU.Build.0 = Debug|Any CPU
		{B6C12825-850B-463D-9776-6307E434C822}.Release|Any CPU.ActiveCfg = Release|Any CPU
		{B6C12825-850B-463D-9776-6307E434C822}.Release|Any CPU.Build.0 = Release|Any CPU
		{6B3A75A9-FDCE-4F75-93B0-68DB8A0EFA87}.Debug|Any CPU.ActiveCfg = Debug|Any CPU
		{6B3A75A9-FDCE-4F75-93B0-68DB8A0EFA87}.Debug|Any CPU.Build.0 = Debug|Any CPU
		{6B3A75A9-FDCE-4F75-93B0-68DB8A0EFA87}.Release|Any CPU.ActiveCfg = Release|Any CPU
		{6B3A75A9-FDCE-4F75-93B0-68DB8A0EFA87}.Release|Any CPU.Build.0 = Release|Any CPU
	EndGlobalSection
	GlobalSection(SolutionProperties) = preSolution
		HideSolutionNode = FALSE
	EndGlobalSection
	GlobalSection(ExtensibilityGlobals) = postSolution
		SolutionGuid = {F8478A84-5AD9-4FC2-AB55-318FFB1A4B95}
	EndGlobalSection
EndGlobal
